
Microsoft Visual Studio Solution File, Format Version 12.00
Project("{FAE04EC0-301F-11D3-BF4B-00C04F79EFBC}") = "Finance", "Finance\Finance.csproj", "{14757DD1-098A-45A2-8AA1-1B221C3E111D}"
EndProject
Project("{FAE04EC0-301F-11D3-BF4B-00C04F79EFBC}") = "Messages", "Messages\Messages.csproj", "{7466AF2F-CBE4-4ECF-9687-97B18E17B5C7}"
EndProject
Project("{FAE04EC0-301F-11D3-BF4B-00C04F79EFBC}") = "OverdueInvoices.IntegrationTests", "OverdueInvoices.IntegrationTests\OverdueInvoices.IntegrationTests.csproj", "{CAD40A68-FB7B-4633-A788-5DA846DCB356}"
EndProject
Project("{FAE04EC0-301F-11D3-BF4B-00C04F79EFBC}") = "DebtCollection", "DebtCollection\DebtCollection.csproj", "{1C392C81-636D-4A08-88E1-3C6898A629A7}"
EndProject
Project("{FAE04EC0-301F-11D3-BF4B-00C04F79EFBC}") = "NServiceBus.AssemblyScanner.Extensions", "NServiceBus.AssemblyScanner.Extensions\NServiceBus.AssemblyScanner.Extensions.csproj", "{0D51A11D-BE6F-4F63-9ADF-6345C317E015}"
EndProject
Global
	GlobalSection(SolutionConfigurationPlatforms) = preSolution
		Debug|Any CPU = Debug|Any CPU
		Release|Any CPU = Release|Any CPU
	EndGlobalSection
	GlobalSection(ProjectConfigurationPlatforms) = postSolution
		{14757DD1-098A-45A2-8AA1-1B221C3E111D}.Debug|Any CPU.ActiveCfg = Debug|Any CPU
		{14757DD1-098A-45A2-8AA1-1B221C3E111D}.Debug|Any CPU.Build.0 = Debug|Any CPU
		{14757DD1-098A-45A2-8AA1-1B221C3E111D}.Release|Any CPU.ActiveCfg = Release|Any CPU
		{14757DD1-098A-45A2-8AA1-1B221C3E111D}.Release|Any CPU.Build.0 = Release|Any CPU
		{7466AF2F-CBE4-4ECF-9687-97B18E17B5C7}.Debug|Any CPU.ActiveCfg = Debug|Any CPU
		{7466AF2F-CBE4-4ECF-9687-97B18E17B5C7}.Debug|Any CPU.Build.0 = Debug|Any CPU
		{7466AF2F-CBE4-4ECF-9687-97B18E17B5C7}.Release|Any CPU.ActiveCfg = Release|Any CPU
		{7466AF2F-CBE4-4ECF-9687-97B18E17B5C7}.Release|Any CPU.Build.0 = Release|Any CPU
		{CAD40A68-FB7B-4633-A788-5DA846DCB356}.Debug|Any CPU.ActiveCfg = Debug|Any CPU
		{CAD40A68-FB7B-4633-A788-5DA846DCB356}.Debug|Any CPU.Build.0 = Debug|Any CPU
		{CAD40A68-FB7B-4633-A788-5DA846DCB356}.Release|Any CPU.ActiveCfg = Release|Any CPU
		{CAD40A68-FB7B-4633-A788-5DA846DCB356}.Release|Any CPU.Build.0 = Release|Any CPU
		{1C392C81-636D-4A08-88E1-3C6898A629A7}.Debug|Any CPU.ActiveCfg = Debug|Any CPU
		{1C392C81-636D-4A08-88E1-3C6898A629A7}.Debug|Any CPU.Build.0 = Debug|Any CPU
		{1C392C81-636D-4A08-88E1-3C6898A629A7}.Release|Any CPU.ActiveCfg = Release|Any CPU
		{1C392C81-636D-4A08-88E1-3C6898A629A7}.Release|Any CPU.Build.0 = Release|Any CPU
		{0D51A11D-BE6F-4F63-9ADF-6345C317E015}.Debug|Any CPU.ActiveCfg = Debug|Any CPU
		{0D51A11D-BE6F-4F63-9ADF-6345C317E015}.Debug|Any CPU.Build.0 = Debug|Any CPU
		{0D51A11D-BE6F-4F63-9ADF-6345C317E015}.Release|Any CPU.ActiveCfg = Release|Any CPU
		{0D51A11D-BE6F-4F63-9ADF-6345C317E015}.Release|Any CPU.Build.0 = Release|Any CPU
	EndGlobalSection
EndGlobal
