
Microsoft Visual Studio Solution File, Format Version 12.00
Project("{FAE04EC0-301F-11D3-BF4B-00C04F79EFBC}") = "Finance", "Finance\Finance.csproj", "{14757DD1-098A-45A2-8AA1-1B221C3E111D}"
EndProject
Global
	GlobalSection(SolutionConfigurationPlatforms) = preSolution
		Debug|Any CPU = Debug|Any CPU
		Release|Any CPU = Release|Any CPU
	EndGlobalSection
	GlobalSection(ProjectConfigurationPlatforms) = postSolution
		{14757DD1-098A-45A2-8AA1-1B221C3E111D}.Debug|Any CPU.ActiveCfg = Debug|Any CPU
		{14757DD1-098A-45A2-8AA1-1B221C3E111D}.Debug|Any CPU.Build.0 = Debug|Any CPU
		{14757DD1-098A-45A2-8AA1-1B221C3E111D}.Release|Any CPU.ActiveCfg = Release|Any CPU
		{14757DD1-098A-45A2-8AA1-1B221C3E111D}.Release|Any CPU.Build.0 = Release|Any CPU
	EndGlobalSection
EndGlobal
